
Microsoft Visual Studio Solution File, Format Version 12.00
# Visual Studio Version 16
VisualStudioVersion = 16.0.31624.102
MinimumVisualStudioVersion = 10.0.40219.1
Project("{FAE04EC0-301F-11D3-BF4B-00C04F79EFBC}") = "ConsoleApp1", "ConsoleApp1.csproj", "{737A346F-F715-48CC-B947-0520F6FF5B3B}"
EndProject
Project("{FAE04EC0-301F-11D3-BF4B-00C04F79EFBC}") = "UnitTestProject1", "..\UnitTestProject1\UnitTestProject1.csproj", "{B67EA0F5-FFD7-4AD8-BA68-EB31727B0F48}"
EndProject
Global
	GlobalSection(SolutionConfigurationPlatforms) = preSolution
		Debug|Any CPU = Debug|Any CPU
		Release|Any CPU = Release|Any CPU
	EndGlobalSection
	GlobalSection(ProjectConfigurationPlatforms) = postSolution
		{737A346F-F715-48CC-B947-0520F6FF5B3B}.Debug|Any CPU.ActiveCfg = Debug|Any CPU
		{737A346F-F715-48CC-B947-0520F6FF5B3B}.Debug|Any CPU.Build.0 = Debug|Any CPU
		{737A346F-F715-48CC-B947-0520F6FF5B3B}.Release|Any CPU.ActiveCfg = Release|Any CPU
		{737A346F-F715-48CC-B947-0520F6FF5B3B}.Release|Any CPU.Build.0 = Release|Any CPU
		{B67EA0F5-FFD7-4AD8-BA68-EB31727B0F48}.Debug|Any CPU.ActiveCfg = Debug|Any CPU
		{B67EA0F5-FFD7-4AD8-BA68-EB31727B0F48}.Debug|Any CPU.Build.0 = Debug|Any CPU
		{B67EA0F5-FFD7-4AD8-BA68-EB31727B0F48}.Release|Any CPU.ActiveCfg = Release|Any CPU
		{B67EA0F5-FFD7-4AD8-BA68-EB31727B0F48}.Release|Any CPU.Build.0 = Release|Any CPU
	EndGlobalSection
	GlobalSection(SolutionProperties) = preSolution
		HideSolutionNode = FALSE
	EndGlobalSection
	GlobalSection(ExtensibilityGlobals) = postSolution
		SolutionGuid = {7C64C644-239A-4D18-BAD3-66751027AA70}
	EndGlobalSection
EndGlobal
